
Microsoft Visual Studio Solution File, Format Version 12.00
# Visual Studio 15
VisualStudioVersion = 15.0.28010.2036
MinimumVisualStudioVersion = 10.0.40219.1
Project("{2150E333-8FDC-42A3-9474-1A3956D46DE8}") = "1 - Presentation", "1 - Presentation", "{9987B66F-8739-48B2-90A5-273379866802}"
EndProject
Project("{2150E333-8FDC-42A3-9474-1A3956D46DE8}") = "2 - Application", "2 - Application", "{8F38B273-6AFF-46A8-BB4B-6002C0D90FC9}"
EndProject
Project("{2150E333-8FDC-42A3-9474-1A3956D46DE8}") = "3 - Domain", "3 - Domain", "{4A29BFF8-776A-41AD-A5DC-3E0FD161429D}"
EndProject
Project("{2150E333-8FDC-42A3-9474-1A3956D46DE8}") = "4 - Infra", "4 - Infra", "{9B77E259-801B-4DD1-B492-52DB424EE093}"
EndProject
Project("{9A19103F-16F7-4668-BE54-9A1E7A4F7556}") = "Domain", "Domain\Domain.csproj", "{E7143FF6-8E05-4B2D-88D6-AE53F8B5045F}"
EndProject
Project("{9A19103F-16F7-4668-BE54-9A1E7A4F7556}") = "Application", "Application\Application.csproj", "{3A92E506-4AE4-4CE1-BFBB-701948C7C99D}"
EndProject
Project("{9A19103F-16F7-4668-BE54-9A1E7A4F7556}") = "Repository", "Repository\Repository.csproj", "{C74CF879-B129-4251-9477-1D32DC82EE29}"
EndProject
Project("{9A19103F-16F7-4668-BE54-9A1E7A4F7556}") = "Domain.Teste", "..\Testes\Domain.Teste\Domain.Teste.csproj", "{7B86D796-F253-4703-BA75-86E576F12541}"
EndProject
Project("{FAE04EC0-301F-11D3-BF4B-00C04F79EFBC}") = "ApplicationTest", "ApplicationTest\ApplicationTest.csproj", "{2ABD3E6D-294F-46F3-8043-E23A3CB36EF3}"
EndProject
Global
	GlobalSection(SolutionConfigurationPlatforms) = preSolution
		Debug|Any CPU = Debug|Any CPU
		Release|Any CPU = Release|Any CPU
	EndGlobalSection
	GlobalSection(ProjectConfigurationPlatforms) = postSolution
		{E7143FF6-8E05-4B2D-88D6-AE53F8B5045F}.Debug|Any CPU.ActiveCfg = Debug|Any CPU
		{E7143FF6-8E05-4B2D-88D6-AE53F8B5045F}.Debug|Any CPU.Build.0 = Debug|Any CPU
		{E7143FF6-8E05-4B2D-88D6-AE53F8B5045F}.Release|Any CPU.ActiveCfg = Release|Any CPU
		{E7143FF6-8E05-4B2D-88D6-AE53F8B5045F}.Release|Any CPU.Build.0 = Release|Any CPU
		{3A92E506-4AE4-4CE1-BFBB-701948C7C99D}.Debug|Any CPU.ActiveCfg = Debug|Any CPU
		{3A92E506-4AE4-4CE1-BFBB-701948C7C99D}.Debug|Any CPU.Build.0 = Debug|Any CPU
		{3A92E506-4AE4-4CE1-BFBB-701948C7C99D}.Release|Any CPU.ActiveCfg = Release|Any CPU
		{3A92E506-4AE4-4CE1-BFBB-701948C7C99D}.Release|Any CPU.Build.0 = Release|Any CPU
		{C74CF879-B129-4251-9477-1D32DC82EE29}.Debug|Any CPU.ActiveCfg = Debug|Any CPU
		{C74CF879-B129-4251-9477-1D32DC82EE29}.Debug|Any CPU.Build.0 = Debug|Any CPU
		{C74CF879-B129-4251-9477-1D32DC82EE29}.Release|Any CPU.ActiveCfg = Release|Any CPU
		{C74CF879-B129-4251-9477-1D32DC82EE29}.Release|Any CPU.Build.0 = Release|Any CPU
		{7B86D796-F253-4703-BA75-86E576F12541}.Debug|Any CPU.ActiveCfg = Debug|Any CPU
		{7B86D796-F253-4703-BA75-86E576F12541}.Debug|Any CPU.Build.0 = Debug|Any CPU
		{7B86D796-F253-4703-BA75-86E576F12541}.Release|Any CPU.ActiveCfg = Release|Any CPU
		{7B86D796-F253-4703-BA75-86E576F12541}.Release|Any CPU.Build.0 = Release|Any CPU
		{2ABD3E6D-294F-46F3-8043-E23A3CB36EF3}.Debug|Any CPU.ActiveCfg = Debug|Any CPU
		{2ABD3E6D-294F-46F3-8043-E23A3CB36EF3}.Debug|Any CPU.Build.0 = Debug|Any CPU
		{2ABD3E6D-294F-46F3-8043-E23A3CB36EF3}.Release|Any CPU.ActiveCfg = Release|Any CPU
		{2ABD3E6D-294F-46F3-8043-E23A3CB36EF3}.Release|Any CPU.Build.0 = Release|Any CPU
	EndGlobalSection
	GlobalSection(SolutionProperties) = preSolution
		HideSolutionNode = FALSE
	EndGlobalSection
	GlobalSection(NestedProjects) = preSolution
		{E7143FF6-8E05-4B2D-88D6-AE53F8B5045F} = {4A29BFF8-776A-41AD-A5DC-3E0FD161429D}
		{3A92E506-4AE4-4CE1-BFBB-701948C7C99D} = {8F38B273-6AFF-46A8-BB4B-6002C0D90FC9}
		{C74CF879-B129-4251-9477-1D32DC82EE29} = {9B77E259-801B-4DD1-B492-52DB424EE093}
		{7B86D796-F253-4703-BA75-86E576F12541} = {4A29BFF8-776A-41AD-A5DC-3E0FD161429D}
		{2ABD3E6D-294F-46F3-8043-E23A3CB36EF3} = {8F38B273-6AFF-46A8-BB4B-6002C0D90FC9}
	EndGlobalSection
	GlobalSection(ExtensibilityGlobals) = postSolution
		SolutionGuid = {B69583B7-A034-4DE0-BDCD-F4273A180FDD}
	EndGlobalSection
EndGlobal
